// !$*UTF8*$!
{
	archiveVersion = 1;
	classes = {
	};
	objectVersion = 70;
	objects = {

/* Begin PBXBuildFile section */
		1A000001294A123456789ABC /* PC_ControllerApp.swift in Sources */ = {isa = PBXBuildFile; fileRef = 1A000002294A123456789ABC /* PC_ControllerApp.swift */; };
		1A000003294A123456789ABC /* ContentView.swift in Sources */ = {isa = PBXBuildFile; fileRef = 1A000004294A123456789ABC /* ContentView.swift */; };
		1A000005294A123456789ABC /* PCControlButton.swift in Sources */ = {isa = PBXBuildFile; fileRef = 1A000006294A123456789ABC /* PCControlButton.swift */; };
		1A000007294A123456789ABC /* SettingsView.swift in Sources */ = {isa = PBXBuildFile; fileRef = 1A000008294A123456789ABC /* SettingsView.swift */; };
		1A000009294A123456789ABC /* NetworkManager.swift in Sources */ = {isa = PBXBuildFile; fileRef = 1A00000A294A123456789ABC /* NetworkManager.swift */; };
		1A00000B294A123456789ABC /* PCStatusChecker.swift in Sources */ = {isa = PBXBuildFile; fileRef = 1A00000C294A123456789ABC /* PCStatusChecker.swift */; };
		1A00000D294A123456789ABC /* WakeOnLAN.swift in Sources */ = {isa = PBXBuildFile; fileRef = 1A00000E294A123456789ABC /* WakeOnLAN.swift */; };
		1A00000F294A123456789ABC /* PCControlModels.swift in Sources */ = {isa = PBXBuildFile; fileRef = 1A000010294A123456789ABC /* PCControlModels.swift */; };
		1A000011294A123456789ABC /* Constants.swift in Sources */ = {isa = PBXBuildFile; fileRef = 1A000012294A123456789ABC /* Constants.swift */; };
		1A000013294A123456789ABC /* Assets.xcassets in Resources */ = {isa = PBXBuildFile; fileRef = 1A000014294A123456789ABC /* Assets.xcassets */; };
		1A000015294A123456789ABC /* Preview Assets.xcassets in Resources */ = {isa = PBXBuildFile; fileRef = 1A000016294A123456789ABC /* Preview Assets.xcassets */; };
		700EC0FB2E575BA800E7033E /* WidgetKit.framework in Frameworks */ = {isa = PBXBuildFile; fileRef = 700EC0FA2E575BA800E7033E /* WidgetKit.framework */; };
		700EC0FD2E575BA800E7033E /* SwiftUI.framework in Frameworks */ = {isa = PBXBuildFile; fileRef = 700EC0FC2E575BA800E7033E /* SwiftUI.framework */; };
		700EC10B2E575BA900E7033E /* PC Controller WidgetExtension.appex in Embed Foundation Extensions */ = {isa = PBXBuildFile; fileRef = 700EC0F82E575BA800E7033E /* PC Controller WidgetExtension.appex */; settings = {ATTRIBUTES = (RemoveHeadersOnCopy, ); }; };
/* End PBXBuildFile section */

/* Begin PBXContainerItemProxy section */
		700EC1092E575BA900E7033E /* PBXContainerItemProxy */ = {
			isa = PBXContainerItemProxy;
			containerPortal = 1A000028294A123456789ABC /* Project object */;
			proxyType = 1;
			remoteGlobalIDString = 700EC0F72E575BA800E7033E;
			remoteInfo = "PC Controller WidgetExtension";
		};
/* End PBXContainerItemProxy section */

/* Begin PBXCopyFilesBuildPhase section */
		700EC1102E575BA900E7033E /* Embed Foundation Extensions */ = {
			isa = PBXCopyFilesBuildPhase;
			buildActionMask = 2147483647;
			dstPath = "";
			dstSubfolderSpec = 13;
			files = (
				700EC10B2E575BA900E7033E /* PC Controller WidgetExtension.appex in Embed Foundation Extensions */,
			);
			name = "Embed Foundation Extensions";
			runOnlyForDeploymentPostprocessing = 0;
		};
/* End PBXCopyFilesBuildPhase section */

/* Begin PBXFileReference section */
		1A000001294A123456789ABD /* PC Controller.app */ = {isa = PBXFileReference; explicitFileType = wrapper.application; includeInIndex = 0; path = "PC Controller.app"; sourceTree = BUILT_PRODUCTS_DIR; };
		1A000002294A123456789ABC /* PC_ControllerApp.swift */ = {isa = PBXFileReference; lastKnownFileType = sourcecode.swift; path = PC_ControllerApp.swift; sourceTree = "<group>"; };
		1A000004294A123456789ABC /* ContentView.swift */ = {isa = PBXFileReference; lastKnownFileType = sourcecode.swift; path = ContentView.swift; sourceTree = "<group>"; };
		1A000006294A123456789ABC /* PCControlButton.swift */ = {isa = PBXFileReference; lastKnownFileType = sourcecode.swift; path = PCControlButton.swift; sourceTree = "<group>"; };
		1A000008294A123456789ABC /* SettingsView.swift */ = {isa = PBXFileReference; lastKnownFileType = sourcecode.swift; path = SettingsView.swift; sourceTree = "<group>"; };
		1A00000A294A123456789ABC /* NetworkManager.swift */ = {isa = PBXFileReference; lastKnownFileType = sourcecode.swift; path = NetworkManager.swift; sourceTree = "<group>"; };
		1A00000C294A123456789ABC /* PCStatusChecker.swift */ = {isa = PBXFileReference; lastKnownFileType = sourcecode.swift; path = PCStatusChecker.swift; sourceTree = "<group>"; };
		1A00000E294A123456789ABC /* WakeOnLAN.swift */ = {isa = PBXFileReference; lastKnownFileType = sourcecode.swift; path = WakeOnLAN.swift; sourceTree = "<group>"; };
		1A000010294A123456789ABC /* PCControlModels.swift */ = {isa = PBXFileReference; lastKnownFileType = sourcecode.swift; path = PCControlModels.swift; sourceTree = "<group>"; };
		1A000012294A123456789ABC /* Constants.swift */ = {isa = PBXFileReference; lastKnownFileType = sourcecode.swift; path = Constants.swift; sourceTree = "<group>"; };
		1A000014294A123456789ABC /* Assets.xcassets */ = {isa = PBXFileReference; lastKnownFileType = folder.assetcatalog; path = Assets.xcassets; sourceTree = "<group>"; };
		1A000016294A123456789ABC /* Preview Assets.xcassets */ = {isa = PBXFileReference; lastKnownFileType = folder.assetcatalog; path = "Preview Assets.xcassets"; sourceTree = "<group>"; };
		1A000018294A123456789ABC /* Info.plist */ = {isa = PBXFileReference; lastKnownFileType = text.plist.xml; path = Info.plist; sourceTree = "<group>"; };
		1A000019294A123456789ABC /* PC Controller.entitlements */ = {isa = PBXFileReference; lastKnownFileType = text.plist.entitlements; path = "PC Controller.entitlements"; sourceTree = "<group>"; };
		700EC0F82E575BA800E7033E /* PC Controller WidgetExtension.appex */ = {isa = PBXFileReference; explicitFileType = "wrapper.app-extension"; includeInIndex = 0; path = "PC Controller WidgetExtension.appex"; sourceTree = BUILT_PRODUCTS_DIR; };
		700EC0FA2E575BA800E7033E /* WidgetKit.framework */ = {isa = PBXFileReference; lastKnownFileType = wrapper.framework; name = WidgetKit.framework; path = System/Library/Frameworks/WidgetKit.framework; sourceTree = SDKROOT; };
		700EC0FC2E575BA800E7033E /* SwiftUI.framework */ = {isa = PBXFileReference; lastKnownFileType = wrapper.framework; name = SwiftUI.framework; path = System/Library/Frameworks/SwiftUI.framework; sourceTree = SDKROOT; };
/* End PBXFileReference section */

/* Begin PBXFileSystemSynchronizedBuildFileExceptionSet section */
		700EC10C2E575BA900E7033E /* PBXFileSystemSynchronizedBuildFileExceptionSet */ = {
			isa = PBXFileSystemSynchronizedBuildFileExceptionSet;
			membershipExceptions = (
				Info.plist,
			);
			target = 700EC0F72E575BA800E7033E /* PC Controller WidgetExtension */;
		};
/* End PBXFileSystemSynchronizedBuildFileExceptionSet section */

/* Begin PBXFileSystemSynchronizedRootGroup section */
		700EC0FE2E575BA800E7033E /* PC Controller Widget */ = {isa = PBXFileSystemSynchronizedRootGroup; exceptions = (700EC10C2E575BA900E7033E /* PBXFileSystemSynchronizedBuildFileExceptionSet */, ); explicitFileTypes = {}; explicitFolders = (); path = "PC Controller Widget"; sourceTree = "<group>"; };
/* End PBXFileSystemSynchronizedRootGroup section */

/* Begin PBXFrameworksBuildPhase section */
		1A00001A294A123456789ABC /* Frameworks */ = {
			isa = PBXFrameworksBuildPhase;
			buildActionMask = 2147483647;
			files = (
			);
			runOnlyForDeploymentPostprocessing = 0;
		};
		700EC0F52E575BA800E7033E /* Frameworks */ = {
			isa = PBXFrameworksBuildPhase;
			buildActionMask = 2147483647;
			files = (
				700EC0FD2E575BA800E7033E /* SwiftUI.framework in Frameworks */,
				700EC0FB2E575BA800E7033E /* WidgetKit.framework in Frameworks */,
			);
			runOnlyForDeploymentPostprocessing = 0;
		};
/* End PBXFrameworksBuildPhase section */

/* Begin PBXGroup section */
		1A00001B294A123456789ABC = {
			isa = PBXGroup;
			children = (
				1A00001C294A123456789ABC /* PC Controller */,
				700EC0FE2E575BA800E7033E /* PC Controller Widget */,
				700EC0F92E575BA800E7033E /* Frameworks */,
				1A00001D294A123456789ABC /* Products */,
			);
			sourceTree = "<group>";
		};
		1A00001C294A123456789ABC /* PC Controller */ = {
			isa = PBXGroup;
			children = (
				1A000002294A123456789ABC /* PC_ControllerApp.swift */,
				1A00001E294A123456789ABC /* Views */,
				1A00001F294A123456789ABC /* Models */,
				1A000020294A123456789ABC /* Services */,
				1A000021294A123456789ABC /* Utils */,
				1A000022294A123456789ABC /* Resources */,
				1A000023294A123456789ABC /* Preview Content */,
			);
			path = "PC Controller";
			sourceTree = "<group>";
		};
		1A00001D294A123456789ABC /* Products */ = {
			isa = PBXGroup;
			children = (
				1A000001294A123456789ABD /* PC Controller.app */,
				700EC0F82E575BA800E7033E /* PC Controller WidgetExtension.appex */,
			);
			name = Products;
			sourceTree = "<group>";
		};
		1A00001E294A123456789ABC /* Views */ = {
			isa = PBXGroup;
			children = (
				1A000004294A123456789ABC /* ContentView.swift */,
				1A000006294A123456789ABC /* PCControlButton.swift */,
				1A000008294A123456789ABC /* SettingsView.swift */,
			);
			path = Views;
			sourceTree = "<group>";
		};
		1A00001F294A123456789ABC /* Models */ = {
			isa = PBXGroup;
			children = (
				1A000010294A123456789ABC /* PCControlModels.swift */,
			);
			path = Models;
			sourceTree = "<group>";
		};
		1A000020294A123456789ABC /* Services */ = {
			isa = PBXGroup;
			children = (
				1A00000A294A123456789ABC /* NetworkManager.swift */,
				1A00000C294A123456789ABC /* PCStatusChecker.swift */,
				1A00000E294A123456789ABC /* WakeOnLAN.swift */,
			);
			path = Services;
			sourceTree = "<group>";
		};
		1A000021294A123456789ABC /* Utils */ = {
			isa = PBXGroup;
			children = (
				1A000012294A123456789ABC /* Constants.swift */,
			);
			path = Utils;
			sourceTree = "<group>";
		};
		1A000022294A123456789ABC /* Resources */ = {
			isa = PBXGroup;
			children = (
				1A000018294A123456789ABC /* Info.plist */,
				1A000019294A123456789ABC /* PC Controller.entitlements */,
				1A000014294A123456789ABC /* Assets.xcassets */,
			);
			path = Resources;
			sourceTree = "<group>";
		};
		1A000023294A123456789ABC /* Preview Content */ = {
			isa = PBXGroup;
			children = (
				1A000016294A123456789ABC /* Preview Assets.xcassets */,
			);
			path = "Preview Content";
			sourceTree = "<group>";
		};
		700EC0F92E575BA800E7033E /* Frameworks */ = {
			isa = PBXGroup;
			children = (
				700EC0FA2E575BA800E7033E /* WidgetKit.framework */,
				700EC0FC2E575BA800E7033E /* SwiftUI.framework */,
			);
			name = Frameworks;
			sourceTree = "<group>";
		};
/* End PBXGroup section */

/* Begin PBXNativeTarget section */
		1A000024294A123456789ABC /* PC Controller */ = {
			isa = PBXNativeTarget;
			buildConfigurationList = 1A000025294A123456789ABC /* Build configuration list for PBXNativeTarget "PC Controller" */;
			buildPhases = (
				1A000026294A123456789ABC /* Sources */,
				1A00001A294A123456789ABC /* Frameworks */,
				1A000027294A123456789ABC /* Resources */,
				700EC1102E575BA900E7033E /* Embed Foundation Extensions */,
			);
			buildRules = (
			);
			dependencies = (
				700EC10A2E575BA900E7033E /* PBXTargetDependency */,
			);
			name = "PC Controller";
			productName = "PC Controller";
			productReference = 1A000001294A123456789ABD /* PC Controller.app */;
			productType = "com.apple.product-type.application";
		};
		700EC0F72E575BA800E7033E /* PC Controller WidgetExtension */ = {
			isa = PBXNativeTarget;
			buildConfigurationList = 700EC10D2E575BA900E7033E /* Build configuration list for PBXNativeTarget "PC Controller WidgetExtension" */;
			buildPhases = (
				700EC0F42E575BA800E7033E /* Sources */,
				700EC0F52E575BA800E7033E /* Frameworks */,
				700EC0F62E575BA800E7033E /* Resources */,
			);
			buildRules = (
			);
			dependencies = (
			);
			fileSystemSynchronizedGroups = (
				700EC0FE2E575BA800E7033E /* PC Controller Widget */,
			);
			name = "PC Controller WidgetExtension";
			packageProductDependencies = (
			);
			productName = "PC Controller WidgetExtension";
			productReference = 700EC0F82E575BA800E7033E /* PC Controller WidgetExtension.appex */;
			productType = "com.apple.product-type.app-extension";
		};
/* End PBXNativeTarget section */

/* Begin PBXProject section */
		1A000028294A123456789ABC /* Project object */ = {
			isa = PBXProject;
			attributes = {
				BuildIndependentTargetsInParallel = 1;
				LastSwiftUpdateCheck = 1640;
				LastUpgradeCheck = 2610;
				TargetAttributes = {
					1A000024294A123456789ABC = {
						CreatedOnToolsVersion = 15.0;
					};
					700EC0F72E575BA800E7033E = {
						CreatedOnToolsVersion = 16.4;
					};
				};
			};
			buildConfigurationList = 1A000029294A123456789ABC /* Build configuration list for PBXProject "PC Controller" */;
			compatibilityVersion = "Xcode 14.0";
			developmentRegion = en;
			hasScannedForEncodings = 0;
			knownRegions = (
				en,
				Base,
			);
			mainGroup = 1A00001B294A123456789ABC;
			productRefGroup = 1A00001D294A123456789ABC /* Products */;
			projectDirPath = "";
			projectRoot = "";
			targets = (
				1A000024294A123456789ABC /* PC Controller */,
				700EC0F72E575BA800E7033E /* PC Controller WidgetExtension */,
			);
		};
/* End PBXProject section */

/* Begin PBXResourcesBuildPhase section */
		1A000027294A123456789ABC /* Resources */ = {
			isa = PBXResourcesBuildPhase;
			buildActionMask = 2147483647;
			files = (
				1A000015294A123456789ABC /* Preview Assets.xcassets in Resources */,
				1A000013294A123456789ABC /* Assets.xcassets in Resources */,
			);
			runOnlyForDeploymentPostprocessing = 0;
		};
		700EC0F62E575BA800E7033E /* Resources */ = {
			isa = PBXResourcesBuildPhase;
			buildActionMask = 2147483647;
			files = (
			);
			runOnlyForDeploymentPostprocessing = 0;
		};
/* End PBXResourcesBuildPhase section */

/* Begin PBXSourcesBuildPhase section */
		1A000026294A123456789ABC /* Sources */ = {
			isa = PBXSourcesBuildPhase;
			buildActionMask = 2147483647;
			files = (
				1A000001294A123456789ABC /* PC_ControllerApp.swift in Sources */,
				1A000003294A123456789ABC /* ContentView.swift in Sources */,
				1A000005294A123456789ABC /* PCControlButton.swift in Sources */,
				1A000007294A123456789ABC /* SettingsView.swift in Sources */,
				1A000009294A123456789ABC /* NetworkManager.swift in Sources */,
				1A00000B294A123456789ABC /* PCStatusChecker.swift in Sources */,
				1A00000D294A123456789ABC /* WakeOnLAN.swift in Sources */,
				1A00000F294A123456789ABC /* PCControlModels.swift in Sources */,
				1A000011294A123456789ABC /* Constants.swift in Sources */,
			);
			runOnlyForDeploymentPostprocessing = 0;
		};
		700EC0F42E575BA800E7033E /* Sources */ = {
			isa = PBXSourcesBuildPhase;
			buildActionMask = 2147483647;
			files = (
			);
			runOnlyForDeploymentPostprocessing = 0;
		};
/* End PBXSourcesBuildPhase section */

/* Begin PBXTargetDependency section */
		700EC10A2E575BA900E7033E /* PBXTargetDependency */ = {
			isa = PBXTargetDependency;
			target = 700EC0F72E575BA800E7033E /* PC Controller WidgetExtension */;
			targetProxy = 700EC1092E575BA900E7033E /* PBXContainerItemProxy */;
		};
/* End PBXTargetDependency section */

/* Begin XCBuildConfiguration section */
		1A00002A294A123456789ABC /* Debug */ = {
			isa = XCBuildConfiguration;
			buildSettings = {
				ALWAYS_SEARCH_USER_PATHS = NO;
				ASSETCATALOG_COMPILER_GENERATE_SWIFT_ASSET_SYMBOL_EXTENSIONS = YES;
				CLANG_ANALYZER_NONNULL = YES;
				CLANG_ANALYZER_NUMBER_OBJECT_CONVERSION = YES_AGGRESSIVE;
				CLANG_CXX_LANGUAGE_STANDARD = "gnu++20";
				CLANG_ENABLE_MODULES = YES;
				CLANG_ENABLE_OBJC_ARC = YES;
				CLANG_ENABLE_OBJC_WEAK = YES;
				CLANG_WARN_BLOCK_CAPTURE_AUTORELEASING = YES;
				CLANG_WARN_BOOL_CONVERSION = YES;
				CLANG_WARN_COMMA = YES;
				CLANG_WARN_CONSTANT_CONVERSION = YES;
				CLANG_WARN_DEPRECATED_OBJC_IMPLEMENTATIONS = YES;
				CLANG_WARN_DIRECT_OBJC_ISA_USAGE = YES_ERROR;
				CLANG_WARN_DOCUMENTATION_COMMENTS = YES;
				CLANG_WARN_EMPTY_BODY = YES;
				CLANG_WARN_ENUM_CONVERSION = YES;
				CLANG_WARN_INFINITE_RECURSION = YES;
				CLANG_WARN_INT_CONVERSION = YES;
				CLANG_WARN_NON_LITERAL_NULL_CONVERSION = YES;
				CLANG_WARN_OBJC_IMPLICIT_RETAIN_SELF = YES;
				CLANG_WARN_OBJC_LITERAL_CONVERSION = YES;
				CLANG_WARN_OBJC_ROOT_CLASS = YES_ERROR;
				CLANG_WARN_QUOTED_INCLUDE_IN_FRAMEWORK_HEADER = YES;
				CLANG_WARN_RANGE_LOOP_ANALYSIS = YES;
				CLANG_WARN_STRICT_PROTOTYPES = YES;
				CLANG_WARN_SUSPICIOUS_MOVE = YES;
				CLANG_WARN_UNGUARDED_AVAILABILITY = YES_AGGRESSIVE;
				CLANG_WARN_UNREACHABLE_CODE = YES;
				CLANG_WARN__DUPLICATE_METHOD_MATCH = YES;
				COPY_PHASE_STRIP = NO;
				DEAD_CODE_STRIPPING = YES;
				DEBUG_INFORMATION_FORMAT = dwarf;
				DEVELOPMENT_TEAM = X7M392FCT9;
				ENABLE_STRICT_OBJC_MSGSEND = YES;
				ENABLE_TESTABILITY = YES;
				ENABLE_USER_SCRIPT_SANDBOXING = YES;
				GCC_C_LANGUAGE_STANDARD = gnu17;
				GCC_DYNAMIC_NO_PIC = NO;
				GCC_NO_COMMON_BLOCKS = YES;
				GCC_OPTIMIZATION_LEVEL = 0;
				GCC_PREPROCESSOR_DEFINITIONS = (
					"DEBUG=1",
					"$(inherited)",
				);
				GCC_WARN_64_TO_32_BIT_CONVERSION = YES;
				GCC_WARN_ABOUT_RETURN_TYPE = YES_ERROR;
				GCC_WARN_UNDECLARED_SELECTOR = YES;
				GCC_WARN_UNINITIALIZED_AUTOS = YES_AGGRESSIVE;
				GCC_WARN_UNUSED_FUNCTION = YES;
				GCC_WARN_UNUSED_VARIABLE = YES;
				LOCALIZATION_PREFERS_STRING_CATALOGS = YES;
				MACOSX_DEPLOYMENT_TARGET = 13.0;
				MTL_ENABLE_DEBUG_INFO = INCLUDE_SOURCE;
				MTL_FAST_MATH = YES;
				ONLY_ACTIVE_ARCH = YES;
				SDKROOT = macosx;
				STRING_CATALOG_GENERATE_SYMBOLS = YES;
				SWIFT_ACTIVE_COMPILATION_CONDITIONS = "DEBUG $(inherited)";
				SWIFT_OPTIMIZATION_LEVEL = "-Onone";
			};
			name = Debug;
		};
		1A00002B294A123456789ABC /* Release */ = {
			isa = XCBuildConfiguration;
			buildSettings = {
				ALWAYS_SEARCH_USER_PATHS = NO;
				ASSETCATALOG_COMPILER_GENERATE_SWIFT_ASSET_SYMBOL_EXTENSIONS = YES;
				CLANG_ANALYZER_NONNULL = YES;
				CLANG_ANALYZER_NUMBER_OBJECT_CONVERSION = YES_AGGRESSIVE;
				CLANG_CXX_LANGUAGE_STANDARD = "gnu++20";
				CLANG_ENABLE_MODULES = YES;
				CLANG_ENABLE_OBJC_ARC = YES;
				CLANG_ENABLE_OBJC_WEAK = YES;
				CLANG_WARN_BLOCK_CAPTURE_AUTORELEASING = YES;
				CLANG_WARN_BOOL_CONVERSION = YES;
				CLANG_WARN_COMMA = YES;
				CLANG_WARN_CONSTANT_CONVERSION = YES;
				CLANG_WARN_DEPRECATED_OBJC_IMPLEMENTATIONS = YES;
				CLANG_WARN_DIRECT_OBJC_ISA_USAGE = YES_ERROR;
				CLANG_WARN_DOCUMENTATION_COMMENTS = YES;
				CLANG_WARN_EMPTY_BODY = YES;
				CLANG_WARN_ENUM_CONVERSION = YES;
				CLANG_WARN_INFINITE_RECURSION = YES;
				CLANG_WARN_INT_CONVERSION = YES;
				CLANG_WARN_NON_LITERAL_NULL_CONVERSION = YES;
				CLANG_WARN_OBJC_IMPLICIT_RETAIN_SELF = YES;
				CLANG_WARN_OBJC_LITERAL_CONVERSION = YES;
				CLANG_WARN_OBJC_ROOT_CLASS = YES_ERROR;
				CLANG_WARN_QUOTED_INCLUDE_IN_FRAMEWORK_HEADER = YES;
				CLANG_WARN_RANGE_LOOP_ANALYSIS = YES;
				CLANG_WARN_STRICT_PROTOTYPES = YES;
				CLANG_WARN_SUSPICIOUS_MOVE = YES;
				CLANG_WARN_UNGUARDED_AVAILABILITY = YES_AGGRESSIVE;
				CLANG_WARN_UNREACHABLE_CODE = YES;
				CLANG_WARN__DUPLICATE_METHOD_MATCH = YES;
				COPY_PHASE_STRIP = NO;
				DEAD_CODE_STRIPPING = YES;
				DEBUG_INFORMATION_FORMAT = "dwarf-with-dsym";
				DEVELOPMENT_TEAM = X7M392FCT9;
				ENABLE_NS_ASSERTIONS = NO;
				ENABLE_STRICT_OBJC_MSGSEND = YES;
				ENABLE_USER_SCRIPT_SANDBOXING = YES;
				GCC_C_LANGUAGE_STANDARD = gnu17;
				GCC_NO_COMMON_BLOCKS = YES;
				GCC_WARN_64_TO_32_BIT_CONVERSION = YES;
				GCC_WARN_ABOUT_RETURN_TYPE = YES_ERROR;
				GCC_WARN_UNDECLARED_SELECTOR = YES;
				GCC_WARN_UNINITIALIZED_AUTOS = YES_AGGRESSIVE;
				GCC_WARN_UNUSED_FUNCTION = YES;
				GCC_WARN_UNUSED_VARIABLE = YES;
				LOCALIZATION_PREFERS_STRING_CATALOGS = YES;
				MACOSX_DEPLOYMENT_TARGET = 13.0;
				MTL_ENABLE_DEBUG_INFO = NO;
				MTL_FAST_MATH = YES;
				SDKROOT = macosx;
				STRING_CATALOG_GENERATE_SYMBOLS = YES;
				SWIFT_COMPILATION_MODE = wholemodule;
			};
			name = Release;
		};
		1A00002C294A123456789ABC /* Debug */ = {
			isa = XCBuildConfiguration;
			buildSettings = {
				ASSETCATALOG_COMPILER_APPICON_NAME = AppIcon;
				ASSETCATALOG_COMPILER_INCLUDE_ALL_APPICON_ASSETS = YES;
				CODE_SIGN_ENTITLEMENTS = "PC Controller/Resources/PC Controller.entitlements";
				"CODE_SIGN_IDENTITY[sdk=macosx*]" = "Apple Development";
				CODE_SIGN_STYLE = Automatic;
				COMBINE_HIDPI_IMAGES = YES;
				CURRENT_PROJECT_VERSION = 2;
				DEAD_CODE_STRIPPING = YES;
				DEVELOPMENT_ASSET_PATHS = "\"PC Controller/Preview Content\"";
				ENABLE_APP_SANDBOX = YES;
				ENABLE_HARDENED_RUNTIME = YES;
				ENABLE_OUTGOING_NETWORK_CONNECTIONS = YES;
				ENABLE_PREVIEWS = YES;
				ENABLE_USER_SELECTED_FILES = readwrite;
				GENERATE_INFOPLIST_FILE = NO;
				INFOPLIST_FILE = "PC Controller/Resources/Info.plist";
				INFOPLIST_KEY_CFBundleDisplayName = "PC Controller";
				INFOPLIST_KEY_LSApplicationCategoryType = "public.app-category.utilities";
				INFOPLIST_KEY_NSHumanReadableCopyright = "";
				LD_RUNPATH_SEARCH_PATHS = (
					"$(inherited)",
					"@executable_path/../Frameworks",
				);
				MACOSX_DEPLOYMENT_TARGET = 14.0;
				MARKETING_VERSION = 1.1.0;
				PRODUCT_BUNDLE_IDENTIFIER = info.thanhtunguet.pccontroller;
				PRODUCT_NAME = "$(TARGET_NAME)";
				REGISTER_APP_GROUPS = YES;
				SWIFT_EMIT_LOC_STRINGS = YES;
				SWIFT_VERSION = 5.0;
			};
			name = Debug;
		};
		1A00002D294A123456789ABC /* Release */ = {
			isa = XCBuildConfiguration;
			buildSettings = {
				ASSETCATALOG_COMPILER_APPICON_NAME = AppIcon;
				ASSETCATALOG_COMPILER_INCLUDE_ALL_APPICON_ASSETS = YES;
				CODE_SIGN_ENTITLEMENTS = "PC Controller/Resources/PC Controller.entitlements";
				"CODE_SIGN_IDENTITY[sdk=macosx*]" = "Apple Development";
				CODE_SIGN_STYLE = Automatic;
				COMBINE_HIDPI_IMAGES = YES;
				CURRENT_PROJECT_VERSION = 2;
				DEAD_CODE_STRIPPING = YES;
				DEVELOPMENT_ASSET_PATHS = "\"PC Controller/Preview Content\"";
				ENABLE_APP_SANDBOX = YES;
				ENABLE_HARDENED_RUNTIME = YES;
				ENABLE_OUTGOING_NETWORK_CONNECTIONS = YES;
				ENABLE_PREVIEWS = YES;
				ENABLE_USER_SELECTED_FILES = readwrite;
				GENERATE_INFOPLIST_FILE = NO;
				INFOPLIST_FILE = "PC Controller/Resources/Info.plist";
				INFOPLIST_KEY_CFBundleDisplayName = "PC Controller";
				INFOPLIST_KEY_LSApplicationCategoryType = "public.app-category.utilities";
				INFOPLIST_KEY_NSHumanReadableCopyright = "";
				LD_RUNPATH_SEARCH_PATHS = (
					"$(inherited)",
					"@executable_path/../Frameworks",
				);
				MACOSX_DEPLOYMENT_TARGET = 14.0;
				MARKETING_VERSION = 1.1.0;
				PRODUCT_BUNDLE_IDENTIFIER = info.thanhtunguet.pccontroller;
				PRODUCT_NAME = "$(TARGET_NAME)";
				REGISTER_APP_GROUPS = YES;
				SWIFT_EMIT_LOC_STRINGS = YES;
				SWIFT_VERSION = 5.0;
			};
			name = Release;
		};
		700EC10E2E575BA900E7033E /* Debug */ = {
			isa = XCBuildConfiguration;
			buildSettings = {
				ASSETCATALOG_COMPILER_GLOBAL_ACCENT_COLOR_NAME = AccentColor;
				ASSETCATALOG_COMPILER_WIDGET_BACKGROUND_COLOR_NAME = WidgetBackground;
				CODE_SIGN_ENTITLEMENTS = "PC Controller Widget/PC_Controller_Widget.entitlements";
				"CODE_SIGN_IDENTITY[sdk=macosx*]" = "Apple Development";
				CODE_SIGN_STYLE = Automatic;
				CURRENT_PROJECT_VERSION = 1;
				DEVELOPMENT_TEAM = X7M392FCT9;
				ENABLE_HARDENED_RUNTIME = YES;
				GENERATE_INFOPLIST_FILE = YES;
				INFOPLIST_FILE = "PC Controller Widget/Info.plist";
				INFOPLIST_KEY_CFBundleDisplayName = "PC Controller Widget";
				INFOPLIST_KEY_NSHumanReadableCopyright = "";
				LD_RUNPATH_SEARCH_PATHS = (
					"$(inherited)",
					"@executable_path/../Frameworks",
					"@executable_path/../../../../Frameworks",
				);
				MACOSX_DEPLOYMENT_TARGET = 15.5;
				MARKETING_VERSION = 1.0;
				PRODUCT_BUNDLE_IDENTIFIER = "info.thanhtunguet.pccontroller.PC-Controller-Widget";
				PRODUCT_NAME = "$(TARGET_NAME)";
				REGISTER_APP_GROUPS = YES;
				SKIP_INSTALL = YES;
				SWIFT_EMIT_LOC_STRINGS = YES;
				SWIFT_VERSION = 5.0;
			};
			name = Debug;
		};
		700EC10F2E575BA900E7033E /* Release */ = {
			isa = XCBuildConfiguration;
			buildSettings = {
				ASSETCATALOG_COMPILER_GLOBAL_ACCENT_COLOR_NAME = AccentColor;
				ASSETCATALOG_COMPILER_WIDGET_BACKGROUND_COLOR_NAME = WidgetBackground;
				CODE_SIGN_ENTITLEMENTS = "PC Controller Widget/PC_Controller_Widget.entitlements";
				"CODE_SIGN_IDENTITY[sdk=macosx*]" = "Apple Development";
				CODE_SIGN_STYLE = Automatic;
				CURRENT_PROJECT_VERSION = 1;
				DEVELOPMENT_TEAM = X7M392FCT9;
				ENABLE_HARDENED_RUNTIME = YES;
				GENERATE_INFOPLIST_FILE = YES;
				INFOPLIST_FILE = "PC Controller Widget/Info.plist";
				INFOPLIST_KEY_CFBundleDisplayName = "PC Controller Widget";
				INFOPLIST_KEY_NSHumanReadableCopyright = "";
				LD_RUNPATH_SEARCH_PATHS = (
					"$(inherited)",
					"@executable_path/../Frameworks",
					"@executable_path/../../../../Frameworks",
				);
				MACOSX_DEPLOYMENT_TARGET = 15.5;
				MARKETING_VERSION = 1.0;
				PRODUCT_BUNDLE_IDENTIFIER = "info.thanhtunguet.pccontroller.PC-Controller-Widget";
				PRODUCT_NAME = "$(TARGET_NAME)";
				REGISTER_APP_GROUPS = YES;
				SKIP_INSTALL = YES;
				SWIFT_EMIT_LOC_STRINGS = YES;
				SWIFT_VERSION = 5.0;
			};
			name = Release;
		};
/* End XCBuildConfiguration section */

/* Begin XCConfigurationList section */
		1A000025294A123456789ABC /* Build configuration list for PBXNativeTarget "PC Controller" */ = {
			isa = XCConfigurationList;
			buildConfigurations = (
				1A00002C294A123456789ABC /* Debug */,
				1A00002D294A123456789ABC /* Release */,
			);
			defaultConfigurationIsVisible = 0;
			defaultConfigurationName = Release;
		};
		1A000029294A123456789ABC /* Build configuration list for PBXProject "PC Controller" */ = {
			isa = XCConfigurationList;
			buildConfigurations = (
				1A00002A294A123456789ABC /* Debug */,
				1A00002B294A123456789ABC /* Release */,
			);
			defaultConfigurationIsVisible = 0;
			defaultConfigurationName = Release;
		};
		700EC10D2E575BA900E7033E /* Build configuration list for PBXNativeTarget "PC Controller WidgetExtension" */ = {
			isa = XCConfigurationList;
			buildConfigurations = (
				700EC10E2E575BA900E7033E /* Debug */,
				700EC10F2E575BA900E7033E /* Release */,
			);
			defaultConfigurationIsVisible = 0;
			defaultConfigurationName = Release;
		};
/* End XCConfigurationList section */
	};
	rootObject = 1A000028294A123456789ABC /* Project object */;
}
